
Microsoft Visual Studio Solution File, Format Version 12.00
# Visual Studio Version 16
VisualStudioVersion = 16.0.29409.12
MinimumVisualStudioVersion = 10.0.40219.1
Project("{FAE04EC0-301F-11D3-BF4B-00C04F79EFBC}") = "CShapAdvance", "CShapAdvance\CShapAdvance.csproj", "{DD880E9B-C223-425B-8354-C8BFCBF7B247}"
EndProject
Global
	GlobalSection(SolutionConfigurationPlatforms) = preSolution
		Debug|Any CPU = Debug|Any CPU
		Release|Any CPU = Release|Any CPU
	EndGlobalSection
	GlobalSection(ProjectConfigurationPlatforms) = postSolution
		{DD880E9B-C223-425B-8354-C8BFCBF7B247}.Debug|Any CPU.ActiveCfg = Debug|Any CPU
		{DD880E9B-C223-425B-8354-C8BFCBF7B247}.Debug|Any CPU.Build.0 = Debug|Any CPU
		{DD880E9B-C223-425B-8354-C8BFCBF7B247}.Release|Any CPU.ActiveCfg = Release|Any CPU
		{DD880E9B-C223-425B-8354-C8BFCBF7B247}.Release|Any CPU.Build.0 = Release|Any CPU
	EndGlobalSection
	GlobalSection(SolutionProperties) = preSolution
		HideSolutionNode = FALSE
	EndGlobalSection
	GlobalSection(ExtensibilityGlobals) = postSolution
		SolutionGuid = {FC22D53D-6FF2-4039-A672-8A4B97B969A7}
	EndGlobalSection
EndGlobal
