
Microsoft Visual Studio Solution File, Format Version 12.00
# Visual Studio Version 16
VisualStudioVersion = 16.0.29409.12
MinimumVisualStudioVersion = 10.0.40219.1
Project("{FAE04EC0-301F-11D3-BF4B-00C04F79EFBC}") = "Mang", "Mang\Mang.csproj", "{0BEA9AC1-2B2D-4BFF-B103-4807EB7D4103}"
EndProject
Global
	GlobalSection(SolutionConfigurationPlatforms) = preSolution
		Debug|Any CPU = Debug|Any CPU
		Release|Any CPU = Release|Any CPU
	EndGlobalSection
	GlobalSection(ProjectConfigurationPlatforms) = postSolution
		{0BEA9AC1-2B2D-4BFF-B103-4807EB7D4103}.Debug|Any CPU.ActiveCfg = Debug|Any CPU
		{0BEA9AC1-2B2D-4BFF-B103-4807EB7D4103}.Debug|Any CPU.Build.0 = Debug|Any CPU
		{0BEA9AC1-2B2D-4BFF-B103-4807EB7D4103}.Release|Any CPU.ActiveCfg = Release|Any CPU
		{0BEA9AC1-2B2D-4BFF-B103-4807EB7D4103}.Release|Any CPU.Build.0 = Release|Any CPU
	EndGlobalSection
	GlobalSection(SolutionProperties) = preSolution
		HideSolutionNode = FALSE
	EndGlobalSection
	GlobalSection(ExtensibilityGlobals) = postSolution
		SolutionGuid = {2BE7F8ED-7F89-4983-9EA1-B7909E3FC54A}
	EndGlobalSection
EndGlobal
