
Microsoft Visual Studio Solution File, Format Version 12.00
# Visual Studio Version 16
VisualStudioVersion = 16.0.29409.12
MinimumVisualStudioVersion = 10.0.40219.1
Project("{FAE04EC0-301F-11D3-BF4B-00C04F79EFBC}") = "TreeView", "TreeView\TreeView.csproj", "{062C969C-CE88-4283-B22F-A788E669330E}"
EndProject
Global
	GlobalSection(SolutionConfigurationPlatforms) = preSolution
		Debug|Any CPU = Debug|Any CPU
		Release|Any CPU = Release|Any CPU
	EndGlobalSection
	GlobalSection(ProjectConfigurationPlatforms) = postSolution
		{062C969C-CE88-4283-B22F-A788E669330E}.Debug|Any CPU.ActiveCfg = Debug|Any CPU
		{062C969C-CE88-4283-B22F-A788E669330E}.Debug|Any CPU.Build.0 = Debug|Any CPU
		{062C969C-CE88-4283-B22F-A788E669330E}.Release|Any CPU.ActiveCfg = Release|Any CPU
		{062C969C-CE88-4283-B22F-A788E669330E}.Release|Any CPU.Build.0 = Release|Any CPU
	EndGlobalSection
	GlobalSection(SolutionProperties) = preSolution
		HideSolutionNode = FALSE
	EndGlobalSection
	GlobalSection(ExtensibilityGlobals) = postSolution
		SolutionGuid = {B3C1BDA9-462D-4CDA-BF6A-F83DBC2A4829}
	EndGlobalSection
EndGlobal
